
Microsoft Visual Studio Solution File, Format Version 12.00
# Visual Studio Version 16
VisualStudioVersion = 16.0.31320.298
MinimumVisualStudioVersion = 10.0.40219.1
Project("{9A19103F-16F7-4668-BE54-9A1E7A4F7556}") = "todolist_dotnet", "todolist_dotnet.csproj", "{3DEA5E03-8A1A-4027-A8FB-B05FFD4E1742}"
EndProject
Global
	GlobalSection(SolutionConfigurationPlatforms) = preSolution
		Debug|Any CPU = Debug|Any CPU
		Release|Any CPU = Release|Any CPU
	EndGlobalSection
	GlobalSection(ProjectConfigurationPlatforms) = postSolution
		{3DEA5E03-8A1A-4027-A8FB-B05FFD4E1742}.Debug|Any CPU.ActiveCfg = Debug|Any CPU
		{3DEA5E03-8A1A-4027-A8FB-B05FFD4E1742}.Debug|Any CPU.Build.0 = Debug|Any CPU
		{3DEA5E03-8A1A-4027-A8FB-B05FFD4E1742}.Release|Any CPU.ActiveCfg = Release|Any CPU
		{3DEA5E03-8A1A-4027-A8FB-B05FFD4E1742}.Release|Any CPU.Build.0 = Release|Any CPU
	EndGlobalSection
	GlobalSection(SolutionProperties) = preSolution
		HideSolutionNode = FALSE
	EndGlobalSection
	GlobalSection(ExtensibilityGlobals) = postSolution
		SolutionGuid = {DA779DB1-B798-4A8C-BB61-2EA6CC9D5D34}
	EndGlobalSection
EndGlobal
